
Microsoft Visual Studio Solution File, Format Version 12.00
Project("{FAE04EC0-301F-11D3-BF4B-00C04F79EFBC}") = "AlgoSamsung", "AlgoSamsung\AlgoSamsung.csproj", "{1087971B-4084-46DB-A3D4-7D34BDAA19BC}"
EndProject
Global
	GlobalSection(SolutionConfigurationPlatforms) = preSolution
		Debug|Any CPU = Debug|Any CPU
		Release|Any CPU = Release|Any CPU
	EndGlobalSection
	GlobalSection(ProjectConfigurationPlatforms) = postSolution
		{1087971B-4084-46DB-A3D4-7D34BDAA19BC}.Debug|Any CPU.ActiveCfg = Debug|Any CPU
		{1087971B-4084-46DB-A3D4-7D34BDAA19BC}.Debug|Any CPU.Build.0 = Debug|Any CPU
		{1087971B-4084-46DB-A3D4-7D34BDAA19BC}.Release|Any CPU.ActiveCfg = Release|Any CPU
		{1087971B-4084-46DB-A3D4-7D34BDAA19BC}.Release|Any CPU.Build.0 = Release|Any CPU
	EndGlobalSection
EndGlobal
